
Microsoft Visual Studio Solution File, Format Version 12.00
# Visual Studio Version 17
VisualStudioVersion = 17.14.36811.4 d17.14
MinimumVisualStudioVersion = 10.0.40219.1
Project("{FAE04EC0-301F-11D3-BF4B-00C04F79EFBC}") = "AisIntrusionDetection", "AisIntrusionDetection\AisIntrusionDetection.csproj", "{BF51870A-CDBA-4BAF-BFE3-595AF8DC6A24}"
	ProjectSection(ProjectDependencies) = postProject
		{1EBBD304-43EE-43CF-B01F-0CFE6A1C8636} = {1EBBD304-43EE-43CF-B01F-0CFE6A1C8636}
	EndProjectSection
EndProject
Project("{8BC9CEB8-8B4A-11D0-8D11-00A0C91BC942}") = "TrafficParser", "TrafficParser\TrafficParser.vcxproj", "{1EBBD304-43EE-43CF-B01F-0CFE6A1C8636}"
EndProject
Global
	GlobalSection(SolutionConfigurationPlatforms) = preSolution
		Debug|Any CPU = Debug|Any CPU
		Debug|x64 = Debug|x64
		Debug|x86 = Debug|x86
		Release|Any CPU = Release|Any CPU
		Release|x64 = Release|x64
		Release|x86 = Release|x86
	EndGlobalSection
	GlobalSection(ProjectConfigurationPlatforms) = postSolution
		{BF51870A-CDBA-4BAF-BFE3-595AF8DC6A24}.Debug|Any CPU.ActiveCfg = Debug|Any CPU
		{BF51870A-CDBA-4BAF-BFE3-595AF8DC6A24}.Debug|Any CPU.Build.0 = Debug|Any CPU
		{BF51870A-CDBA-4BAF-BFE3-595AF8DC6A24}.Debug|x64.ActiveCfg = Debug|Any CPU
		{BF51870A-CDBA-4BAF-BFE3-595AF8DC6A24}.Debug|x64.Build.0 = Debug|Any CPU
		{BF51870A-CDBA-4BAF-BFE3-595AF8DC6A24}.Debug|x86.ActiveCfg = Debug|Any CPU
		{BF51870A-CDBA-4BAF-BFE3-595AF8DC6A24}.Debug|x86.Build.0 = Debug|Any CPU
		{BF51870A-CDBA-4BAF-BFE3-595AF8DC6A24}.Release|Any CPU.ActiveCfg = Release|Any CPU
		{BF51870A-CDBA-4BAF-BFE3-595AF8DC6A24}.Release|Any CPU.Build.0 = Release|Any CPU
		{BF51870A-CDBA-4BAF-BFE3-595AF8DC6A24}.Release|x64.ActiveCfg = Release|Any CPU
		{BF51870A-CDBA-4BAF-BFE3-595AF8DC6A24}.Release|x64.Build.0 = Release|Any CPU
		{BF51870A-CDBA-4BAF-BFE3-595AF8DC6A24}.Release|x86.ActiveCfg = Release|Any CPU
		{BF51870A-CDBA-4BAF-BFE3-595AF8DC6A24}.Release|x86.Build.0 = Release|Any CPU
		{1EBBD304-43EE-43CF-B01F-0CFE6A1C8636}.Debug|Any CPU.ActiveCfg = Debug|x64
		{1EBBD304-43EE-43CF-B01F-0CFE6A1C8636}.Debug|Any CPU.Build.0 = Debug|x64
		{1EBBD304-43EE-43CF-B01F-0CFE6A1C8636}.Debug|x64.ActiveCfg = Debug|x64
		{1EBBD304-43EE-43CF-B01F-0CFE6A1C8636}.Debug|x64.Build.0 = Debug|x64
		{1EBBD304-43EE-43CF-B01F-0CFE6A1C8636}.Debug|x86.ActiveCfg = Debug|Win32
		{1EBBD304-43EE-43CF-B01F-0CFE6A1C8636}.Debug|x86.Build.0 = Debug|Win32
		{1EBBD304-43EE-43CF-B01F-0CFE6A1C8636}.Release|Any CPU.ActiveCfg = Release|x64
		{1EBBD304-43EE-43CF-B01F-0CFE6A1C8636}.Release|Any CPU.Build.0 = Release|x64
		{1EBBD304-43EE-43CF-B01F-0CFE6A1C8636}.Release|x64.ActiveCfg = Release|x64
		{1EBBD304-43EE-43CF-B01F-0CFE6A1C8636}.Release|x64.Build.0 = Release|x64
		{1EBBD304-43EE-43CF-B01F-0CFE6A1C8636}.Release|x86.ActiveCfg = Release|Win32
		{1EBBD304-43EE-43CF-B01F-0CFE6A1C8636}.Release|x86.Build.0 = Release|Win32
	EndGlobalSection
	GlobalSection(SolutionProperties) = preSolution
		HideSolutionNode = FALSE
	EndGlobalSection
	GlobalSection(ExtensibilityGlobals) = postSolution
		SolutionGuid = {9C04E539-6472-481D-90FB-42BF1E8BA6D7}
	EndGlobalSection
EndGlobal
